{
  "markbot": "b997d058e19eb979d17d792f679170fcb3b921ee279741ed4854b7ee6a498976",
  "markbotignore": "030a4e6e1b3b6b510514a7ae54576e2c2ef762d56236c6414ef634955d96a126",
  "index-clicked-960.png": "2ac8776472b587198d085d3eb941402d83f9faacc1d0942692e1c363b1880a10",
  "index-320.png": "3c32c3f68e795b444e4f0179918ecdfa3da3568756d5996b135fe9381637d46b",
  "index-400.png": "4a15ced06a38c8fc6e2f99fc86a18e8fed96324c3727d1031d37bfb79ce2d2c0",
  "index-608.png": "370d43e908a357d790596cc63b34054acb020550aa11fbf1c4566590b1d8a202",
  "index-960.png": "59703bb40a6812d24eab4da9b8859376690811d6cfe9e4ae13c529dad70736fc",
  "index-1440.png": "92ebfccef27482d5c7ef42f1229783be420152dfb4e0c4b07aaa28b0464e6289"
}