{
  "markbot": "54ab17c4b92767690d968013d5a71931e2ec5f4fcd9eb61c863bb5717d7ef9b4",
  "index-320.png": "3c32c3f68e795b444e4f0179918ecdfa3da3568756d5996b135fe9381637d46b",
  "index-400.png": "371879956819b72a5e7a2e3e9b22183473c4d6ffdc27c46335b803e93eb753a7",
  "index-608.png": "370d43e908a357d790596cc63b34054acb020550aa11fbf1c4566590b1d8a202",
  "index-960.png": "6db304bc6c2b57d676224bf45c449d30f9c8b61e58ec2b2c8ae4a709607c5d6d",
  "index-1440.png": "f2c66d03f1ce8f25653da114162e61d2ac7549223fcec974c6d28627808711e2"
}